// !$*UTF8*$!
{
	archiveVersion = 1;
	classes = {
	};
	objectVersion = 46;
	objects = {

/* Begin PBXBuildFile section */
		601C1AF31BC26608007C956A /* libSocialQQ.a in Frameworks */ = {isa = PBXBuildFile; fileRef = 601C1AE91BC26608007C956A /* libSocialQQ.a */; settings = {ASSET_TAGS = (); }; };
		601C1AF41BC26608007C956A /* TencentOpenAPI.framework in Frameworks */ = {isa = PBXBuildFile; fileRef = 601C1AEA1BC26608007C956A /* TencentOpenAPI.framework */; settings = {ASSET_TAGS = (); }; };
		601C1AF51BC26608007C956A /* TencentOpenApi_IOS_Bundle.bundle in Resources */ = {isa = PBXBuildFile; fileRef = 601C1AEB1BC26608007C956A /* TencentOpenApi_IOS_Bundle.bundle */; settings = {ASSET_TAGS = (); }; };
		601C1AF61BC26608007C956A /* libSocialWechat.a in Frameworks */ = {isa = PBXBuildFile; fileRef = 601C1AEE1BC26608007C956A /* libSocialWechat.a */; settings = {ASSET_TAGS = (); }; };
		601C1AF71BC26608007C956A /* libWeChatSDK.a in Frameworks */ = {isa = PBXBuildFile; fileRef = 601C1AEF1BC26608007C956A /* libWeChatSDK.a */; settings = {ASSET_TAGS = (); }; };
		606364531BC0FD6000A36965 /* main.m in Sources */ = {isa = PBXBuildFile; fileRef = 606364521BC0FD6000A36965 /* main.m */; };
		6063645E1BC0FD6000A36965 /* Assets.xcassets in Resources */ = {isa = PBXBuildFile; fileRef = 6063645D1BC0FD6000A36965 /* Assets.xcassets */; };
		606364611BC0FD6000A36965 /* LaunchScreen.storyboard in Resources */ = {isa = PBXBuildFile; fileRef = 6063645F1BC0FD6000A36965 /* LaunchScreen.storyboard */; };
		6063646C1BC0FD6000A36965 /* SeekTests.m in Sources */ = {isa = PBXBuildFile; fileRef = 6063646B1BC0FD6000A36965 /* SeekTests.m */; };
		606364771BC0FD6000A36965 /* SeekUITests.m in Sources */ = {isa = PBXBuildFile; fileRef = 606364761BC0FD6000A36965 /* SeekUITests.m */; };
		606364AD1BC1011C00A36965 /* AppDelegate.m in Sources */ = {isa = PBXBuildFile; fileRef = 606364871BC1011C00A36965 /* AppDelegate.m */; settings = {ASSET_TAGS = (); }; };
		606364AE1BC1011C00A36965 /* README in Resources */ = {isa = PBXBuildFile; fileRef = 6063648C1BC1011C00A36965 /* README */; settings = {ASSET_TAGS = (); }; };
		606364AF1BC1011C00A36965 /* README in Resources */ = {isa = PBXBuildFile; fileRef = 6063648E1BC1011C00A36965 /* README */; settings = {ASSET_TAGS = (); }; };
		606364B01BC1011C00A36965 /* README in Resources */ = {isa = PBXBuildFile; fileRef = 606364901BC1011C00A36965 /* README */; settings = {ASSET_TAGS = (); }; };
		606364B11BC1011C00A36965 /* README in Resources */ = {isa = PBXBuildFile; fileRef = 606364921BC1011C00A36965 /* README */; settings = {ASSET_TAGS = (); }; };
		606364B21BC1011C00A36965 /* README in Resources */ = {isa = PBXBuildFile; fileRef = 606364941BC1011C00A36965 /* README */; settings = {ASSET_TAGS = (); }; };
		606364B31BC1011C00A36965 /* README in Resources */ = {isa = PBXBuildFile; fileRef = 606364971BC1011C00A36965 /* README */; settings = {ASSET_TAGS = (); }; };
		606364B41BC1011C00A36965 /* README in Resources */ = {isa = PBXBuildFile; fileRef = 606364991BC1011C00A36965 /* README */; settings = {ASSET_TAGS = (); }; };
		606364B51BC1011C00A36965 /* README in Resources */ = {isa = PBXBuildFile; fileRef = 6063649B1BC1011C00A36965 /* README */; settings = {ASSET_TAGS = (); }; };
		606364B61BC1011C00A36965 /* README in Resources */ = {isa = PBXBuildFile; fileRef = 6063649D1BC1011C00A36965 /* README */; settings = {ASSET_TAGS = (); }; };
		606364B71BC1011C00A36965 /* README in Resources */ = {isa = PBXBuildFile; fileRef = 6063649F1BC1011C00A36965 /* README */; settings = {ASSET_TAGS = (); }; };
		606364B81BC1011C00A36965 /* README in Resources */ = {isa = PBXBuildFile; fileRef = 606364A41BC1011C00A36965 /* README */; settings = {ASSET_TAGS = (); }; };
		606364B91BC1011C00A36965 /* README in Resources */ = {isa = PBXBuildFile; fileRef = 606364A61BC1011C00A36965 /* README */; settings = {ASSET_TAGS = (); }; };
		606364BA1BC1011C00A36965 /* README in Resources */ = {isa = PBXBuildFile; fileRef = 606364A81BC1011C00A36965 /* README */; settings = {ASSET_TAGS = (); }; };
		606364BB1BC1011C00A36965 /* README in Resources */ = {isa = PBXBuildFile; fileRef = 606364AA1BC1011C00A36965 /* README */; settings = {ASSET_TAGS = (); }; };
		606364BC1BC1011C00A36965 /* README in Resources */ = {isa = PBXBuildFile; fileRef = 606364AC1BC1011C00A36965 /* README */; settings = {ASSET_TAGS = (); }; };
		60B06E3A1BC69DD0006AB01E /* MAMapKit.framework in Frameworks */ = {isa = PBXBuildFile; fileRef = 60B06E391BC69DD0006AB01E /* MAMapKit.framework */; settings = {ASSET_TAGS = (); }; };
		60B06E3D1BC69E58006AB01E /* AMap.bundle in Resources */ = {isa = PBXBuildFile; fileRef = 60B06E3C1BC69E58006AB01E /* AMap.bundle */; settings = {ASSET_TAGS = (); }; };
		60B06E401BC69E95006AB01E /* QuartzCore.framework in Frameworks */ = {isa = PBXBuildFile; fileRef = 60B06E3F1BC69E95006AB01E /* QuartzCore.framework */; };
		60B06E441BC69EA9006AB01E /* CoreLocation.framework in Frameworks */ = {isa = PBXBuildFile; fileRef = 60B06E431BC69EA9006AB01E /* CoreLocation.framework */; };
		60B06E461BC69EC7006AB01E /* libstdc++.6.0.9.tbd in Frameworks */ = {isa = PBXBuildFile; fileRef = 60B06E451BC69EC7006AB01E /* libstdc++.6.0.9.tbd */; };
		60B06E4B1BC69FCB006AB01E /* MapViewController.m in Sources */ = {isa = PBXBuildFile; fileRef = 60B06E4A1BC69FCB006AB01E /* MapViewController.m */; settings = {ASSET_TAGS = (); }; };
		60B06E4D1BC6A4BC006AB01E /* mapPoint.png in Resources */ = {isa = PBXBuildFile; fileRef = 60B06E4C1BC6A4BC006AB01E /* mapPoint.png */; settings = {ASSET_TAGS = (); }; };
		60B06E511BC6B2C8006AB01E /* LoginViewController.m in Sources */ = {isa = PBXBuildFile; fileRef = 60B06E4F1BC6B2C8006AB01E /* LoginViewController.m */; settings = {ASSET_TAGS = (); }; };
		60B06E521BC6B2C8006AB01E /* LoginViewController.xib in Resources */ = {isa = PBXBuildFile; fileRef = 60B06E501BC6B2C8006AB01E /* LoginViewController.xib */; settings = {ASSET_TAGS = (); }; };
		60DFF4581BC1548F0078A00F /* UMSocialLocalizable.strings in Resources */ = {isa = PBXBuildFile; fileRef = 60DFF43E1BC1548F0078A00F /* UMSocialLocalizable.strings */; settings = {ASSET_TAGS = (); }; };
		60DFF4591BC1548F0078A00F /* libUMSocial_Sdk_4.2.5.a in Frameworks */ = {isa = PBXBuildFile; fileRef = 60DFF44C1BC1548F0078A00F /* libUMSocial_Sdk_4.2.5.a */; settings = {ASSET_TAGS = (); }; };
		60DFF45A1BC1548F0078A00F /* UMSCommentDetailController.xib in Resources */ = {isa = PBXBuildFile; fileRef = 60DFF44E1BC1548F0078A00F /* UMSCommentDetailController.xib */; settings = {ASSET_TAGS = (); }; };
		60DFF45B1BC1548F0078A00F /* UMSCommentInputController.xib in Resources */ = {isa = PBXBuildFile; fileRef = 60DFF44F1BC1548F0078A00F /* UMSCommentInputController.xib */; settings = {ASSET_TAGS = (); }; };
		60DFF45C1BC1548F0078A00F /* UMSCommentInputControlleriPad.xib in Resources */ = {isa = PBXBuildFile; fileRef = 60DFF4501BC1548F0078A00F /* UMSCommentInputControlleriPad.xib */; settings = {ASSET_TAGS = (); }; };
		60DFF45D1BC1548F0078A00F /* UMShareEditViewController.xib in Resources */ = {isa = PBXBuildFile; fileRef = 60DFF4511BC1548F0078A00F /* UMShareEditViewController.xib */; settings = {ASSET_TAGS = (); }; };
		60DFF45E1BC1548F0078A00F /* UMShareEditViewControlleriPad.xib in Resources */ = {isa = PBXBuildFile; fileRef = 60DFF4521BC1548F0078A00F /* UMShareEditViewControlleriPad.xib */; settings = {ASSET_TAGS = (); }; };
		60DFF45F1BC1548F0078A00F /* UMSLoginViewController.xib in Resources */ = {isa = PBXBuildFile; fileRef = 60DFF4531BC1548F0078A00F /* UMSLoginViewController.xib */; settings = {ASSET_TAGS = (); }; };
		60DFF4601BC1548F0078A00F /* UMSnsAccountViewController.xib in Resources */ = {isa = PBXBuildFile; fileRef = 60DFF4541BC1548F0078A00F /* UMSnsAccountViewController.xib */; settings = {ASSET_TAGS = (); }; };
		60DFF4611BC1548F0078A00F /* UMSShareListController.xib in Resources */ = {isa = PBXBuildFile; fileRef = 60DFF4551BC1548F0078A00F /* UMSShareListController.xib */; settings = {ASSET_TAGS = (); }; };
		60DFF4621BC1548F0078A00F /* UMSocialSDKResourcesNew.bundle in Resources */ = {isa = PBXBuildFile; fileRef = 60DFF4561BC1548F0078A00F /* UMSocialSDKResourcesNew.bundle */; settings = {ASSET_TAGS = (); }; };
		60DFF4751BC155320078A00F /* Security.framework in Frameworks */ = {isa = PBXBuildFile; fileRef = 60DFF4741BC155320078A00F /* Security.framework */; };
		60DFF4771BC155410078A00F /* libiconv.tbd in Frameworks */ = {isa = PBXBuildFile; fileRef = 60DFF4761BC155410078A00F /* libiconv.tbd */; };
		60DFF4791BC155500078A00F /* SystemConfiguration.framework in Frameworks */ = {isa = PBXBuildFile; fileRef = 60DFF4781BC155500078A00F /* SystemConfiguration.framework */; };
		60DFF47B1BC1555C0078A00F /* CoreGraphics.framework in Frameworks */ = {isa = PBXBuildFile; fileRef = 60DFF47A1BC1555C0078A00F /* CoreGraphics.framework */; };
		60DFF47D1BC1556A0078A00F /* libsqlite3.tbd in Frameworks */ = {isa = PBXBuildFile; fileRef = 60DFF47C1BC1556A0078A00F /* libsqlite3.tbd */; };
		60DFF47F1BC155780078A00F /* CoreTelephony.framework in Frameworks */ = {isa = PBXBuildFile; fileRef = 60DFF47E1BC155780078A00F /* CoreTelephony.framework */; };
		60DFF4811BC155870078A00F /* libstdc++.tbd in Frameworks */ = {isa = PBXBuildFile; fileRef = 60DFF4801BC155870078A00F /* libstdc++.tbd */; };
		60DFF4831BC155930078A00F /* libz.tbd in Frameworks */ = {isa = PBXBuildFile; fileRef = 60DFF4821BC155930078A00F /* libz.tbd */; };
		60E4C1E01BC111EB00611E0A /* README in Resources */ = {isa = PBXBuildFile; fileRef = 60E4C1DA1BC111EB00611E0A /* README */; settings = {ASSET_TAGS = (); }; };
		60E4C1E21BC111EB00611E0A /* README in Resources */ = {isa = PBXBuildFile; fileRef = 60E4C1DF1BC111EB00611E0A /* README */; settings = {ASSET_TAGS = (); }; };
		60E4C1E41BC1127100611E0A /* Localizable.strings in Resources */ = {isa = PBXBuildFile; fileRef = 60E4C1E31BC1127100611E0A /* Localizable.strings */; settings = {ASSET_TAGS = (); }; };
/* End PBXBuildFile section */

/* Begin PBXContainerItemProxy section */
		606364681BC0FD6000A36965 /* PBXContainerItemProxy */ = {
			isa = PBXContainerItemProxy;
			containerPortal = 606364461BC0FD6000A36965 /* Project object */;
			proxyType = 1;
			remoteGlobalIDString = 6063644D1BC0FD6000A36965;
			remoteInfo = Seek;
		};
		606364731BC0FD6000A36965 /* PBXContainerItemProxy */ = {
			isa = PBXContainerItemProxy;
			containerPortal = 606364461BC0FD6000A36965 /* Project object */;
			proxyType = 1;
			remoteGlobalIDString = 6063644D1BC0FD6000A36965;
			remoteInfo = Seek;
		};
/* End PBXContainerItemProxy section */

/* Begin PBXFileReference section */
		601C1AE91BC26608007C956A /* libSocialQQ.a */ = {isa = PBXFileReference; lastKnownFileType = archive.ar; path = libSocialQQ.a; sourceTree = "<group>"; };
		601C1AEA1BC26608007C956A /* TencentOpenAPI.framework */ = {isa = PBXFileReference; lastKnownFileType = wrapper.framework; path = TencentOpenAPI.framework; sourceTree = "<group>"; };
		601C1AEB1BC26608007C956A /* TencentOpenApi_IOS_Bundle.bundle */ = {isa = PBXFileReference; lastKnownFileType = "wrapper.plug-in"; path = TencentOpenApi_IOS_Bundle.bundle; sourceTree = "<group>"; };
		601C1AEC1BC26608007C956A /* UMSocialQQHandler.h */ = {isa = PBXFileReference; fileEncoding = 4; lastKnownFileType = sourcecode.c.h; path = UMSocialQQHandler.h; sourceTree = "<group>"; };
		601C1AEE1BC26608007C956A /* libSocialWechat.a */ = {isa = PBXFileReference; lastKnownFileType = archive.ar; path = libSocialWechat.a; sourceTree = "<group>"; };
		601C1AEF1BC26608007C956A /* libWeChatSDK.a */ = {isa = PBXFileReference; lastKnownFileType = archive.ar; path = libWeChatSDK.a; sourceTree = "<group>"; };
		601C1AF01BC26608007C956A /* UMSocialWechatHandler.h */ = {isa = PBXFileReference; fileEncoding = 4; lastKnownFileType = sourcecode.c.h; path = UMSocialWechatHandler.h; sourceTree = "<group>"; };
		601C1AF11BC26608007C956A /* WXApi.h */ = {isa = PBXFileReference; fileEncoding = 4; lastKnownFileType = sourcecode.c.h; path = WXApi.h; sourceTree = "<group>"; };
		601C1AF21BC26608007C956A /* WXApiObject.h */ = {isa = PBXFileReference; fileEncoding = 4; lastKnownFileType = sourcecode.c.h; path = WXApiObject.h; sourceTree = "<group>"; };
		6063644E1BC0FD6000A36965 /* Seek.app */ = {isa = PBXFileReference; explicitFileType = wrapper.application; includeInIndex = 0; path = Seek.app; sourceTree = BUILT_PRODUCTS_DIR; };
		606364521BC0FD6000A36965 /* main.m */ = {isa = PBXFileReference; lastKnownFileType = sourcecode.c.objc; path = main.m; sourceTree = "<group>"; };
		6063645D1BC0FD6000A36965 /* Assets.xcassets */ = {isa = PBXFileReference; lastKnownFileType = folder.assetcatalog; path = Assets.xcassets; sourceTree = "<group>"; };
		606364601BC0FD6000A36965 /* Base */ = {isa = PBXFileReference; lastKnownFileType = file.storyboard; name = Base; path = Base.lproj/LaunchScreen.storyboard; sourceTree = "<group>"; };
		606364621BC0FD6000A36965 /* Info.plist */ = {isa = PBXFileReference; lastKnownFileType = text.plist.xml; path = Info.plist; sourceTree = "<group>"; };
		606364671BC0FD6000A36965 /* SeekTests.xctest */ = {isa = PBXFileReference; explicitFileType = wrapper.cfbundle; includeInIndex = 0; path = SeekTests.xctest; sourceTree = BUILT_PRODUCTS_DIR; };
		6063646B1BC0FD6000A36965 /* SeekTests.m */ = {isa = PBXFileReference; lastKnownFileType = sourcecode.c.objc; path = SeekTests.m; sourceTree = "<group>"; };
		6063646D1BC0FD6000A36965 /* Info.plist */ = {isa = PBXFileReference; lastKnownFileType = text.plist.xml; path = Info.plist; sourceTree = "<group>"; };
		606364721BC0FD6000A36965 /* SeekUITests.xctest */ = {isa = PBXFileReference; explicitFileType = wrapper.cfbundle; includeInIndex = 0; path = SeekUITests.xctest; sourceTree = BUILT_PRODUCTS_DIR; };
		606364761BC0FD6000A36965 /* SeekUITests.m */ = {isa = PBXFileReference; lastKnownFileType = sourcecode.c.objc; path = SeekUITests.m; sourceTree = "<group>"; };
		606364781BC0FD6000A36965 /* Info.plist */ = {isa = PBXFileReference; lastKnownFileType = text.plist.xml; path = Info.plist; sourceTree = "<group>"; };
		606364861BC1011C00A36965 /* AppDelegate.h */ = {isa = PBXFileReference; fileEncoding = 4; lastKnownFileType = sourcecode.c.h; path = AppDelegate.h; sourceTree = "<group>"; };
		606364871BC1011C00A36965 /* AppDelegate.m */ = {isa = PBXFileReference; fileEncoding = 4; lastKnownFileType = sourcecode.c.objc; path = AppDelegate.m; sourceTree = "<group>"; };
		6063648C1BC1011C00A36965 /* README */ = {isa = PBXFileReference; fileEncoding = 4; lastKnownFileType = text; path = README; sourceTree = "<group>"; };
		6063648E1BC1011C00A36965 /* README */ = {isa = PBXFileReference; fileEncoding = 4; lastKnownFileType = text; path = README; sourceTree = "<group>"; };
		606364901BC1011C00A36965 /* README */ = {isa = PBXFileReference; fileEncoding = 4; lastKnownFileType = text; path = README; sourceTree = "<group>"; };
		606364921BC1011C00A36965 /* README */ = {isa = PBXFileReference; fileEncoding = 4; lastKnownFileType = text; path = README; sourceTree = "<group>"; };
		606364941BC1011C00A36965 /* README */ = {isa = PBXFileReference; fileEncoding = 4; lastKnownFileType = text; path = README; sourceTree = "<group>"; };
		606364971BC1011C00A36965 /* README */ = {isa = PBXFileReference; fileEncoding = 4; lastKnownFileType = text; path = README; sourceTree = "<group>"; };
		606364991BC1011C00A36965 /* README */ = {isa = PBXFileReference; fileEncoding = 4; lastKnownFileType = text; path = README; sourceTree = "<group>"; };
		6063649B1BC1011C00A36965 /* README */ = {isa = PBXFileReference; fileEncoding = 4; lastKnownFileType = text; path = README; sourceTree = "<group>"; };
		6063649D1BC1011C00A36965 /* README */ = {isa = PBXFileReference; fileEncoding = 4; lastKnownFileType = text; path = README; sourceTree = "<group>"; };
		6063649F1BC1011C00A36965 /* README */ = {isa = PBXFileReference; fileEncoding = 4; lastKnownFileType = text; path = README; sourceTree = "<group>"; };
		606364A41BC1011C00A36965 /* README */ = {isa = PBXFileReference; fileEncoding = 4; lastKnownFileType = text; path = README; sourceTree = "<group>"; };
		606364A61BC1011C00A36965 /* README */ = {isa = PBXFileReference; fileEncoding = 4; lastKnownFileType = text; path = README; sourceTree = "<group>"; };
		606364A81BC1011C00A36965 /* README */ = {isa = PBXFileReference; fileEncoding = 4; lastKnownFileType = text; path = README; sourceTree = "<group>"; };
		606364AA1BC1011C00A36965 /* README */ = {isa = PBXFileReference; fileEncoding = 4; lastKnownFileType = text; path = README; sourceTree = "<group>"; };
		606364AC1BC1011C00A36965 /* README */ = {isa = PBXFileReference; fileEncoding = 4; lastKnownFileType = text; path = README; sourceTree = "<group>"; };
		60B06E391BC69DD0006AB01E /* MAMapKit.framework */ = {isa = PBXFileReference; lastKnownFileType = wrapper.framework; path = MAMapKit.framework; sourceTree = "<group>"; };
		60B06E3C1BC69E58006AB01E /* AMap.bundle */ = {isa = PBXFileReference; lastKnownFileType = "wrapper.plug-in"; path = AMap.bundle; sourceTree = "<group>"; };
		60B06E3F1BC69E95006AB01E /* QuartzCore.framework */ = {isa = PBXFileReference; lastKnownFileType = wrapper.framework; name = QuartzCore.framework; path = System/Library/Frameworks/QuartzCore.framework; sourceTree = SDKROOT; };
		60B06E431BC69EA9006AB01E /* CoreLocation.framework */ = {isa = PBXFileReference; lastKnownFileType = wrapper.framework; name = CoreLocation.framework; path = System/Library/Frameworks/CoreLocation.framework; sourceTree = SDKROOT; };
		60B06E451BC69EC7006AB01E /* libstdc++.6.0.9.tbd */ = {isa = PBXFileReference; lastKnownFileType = "sourcecode.text-based-dylib-definition"; name = "libstdc++.6.0.9.tbd"; path = "usr/lib/libstdc++.6.0.9.tbd"; sourceTree = SDKROOT; };
		60B06E491BC69FCB006AB01E /* MapViewController.h */ = {isa = PBXFileReference; fileEncoding = 4; lastKnownFileType = sourcecode.c.h; path = MapViewController.h; sourceTree = "<group>"; };
		60B06E4A1BC69FCB006AB01E /* MapViewController.m */ = {isa = PBXFileReference; fileEncoding = 4; lastKnownFileType = sourcecode.c.objc; path = MapViewController.m; sourceTree = "<group>"; };
		60B06E4C1BC6A4BC006AB01E /* mapPoint.png */ = {isa = PBXFileReference; lastKnownFileType = image.png; path = mapPoint.png; sourceTree = "<group>"; };
		60B06E4E1BC6B2C8006AB01E /* LoginViewController.h */ = {isa = PBXFileReference; fileEncoding = 4; lastKnownFileType = sourcecode.c.h; path = LoginViewController.h; sourceTree = "<group>"; };
		60B06E4F1BC6B2C8006AB01E /* LoginViewController.m */ = {isa = PBXFileReference; fileEncoding = 4; lastKnownFileType = sourcecode.c.objc; path = LoginViewController.m; sourceTree = "<group>"; };
		60B06E501BC6B2C8006AB01E /* LoginViewController.xib */ = {isa = PBXFileReference; fileEncoding = 4; lastKnownFileType = file.xib; path = LoginViewController.xib; sourceTree = "<group>"; };
		60DFF43F1BC1548F0078A00F /* en */ = {isa = PBXFileReference; lastKnownFileType = text.plist.strings; name = en; path = en.lproj/UMSocialLocalizable.strings; sourceTree = "<group>"; };
		60DFF4411BC1548F0078A00F /* UMSocial.h */ = {isa = PBXFileReference; fileEncoding = 4; lastKnownFileType = sourcecode.c.h; path = UMSocial.h; sourceTree = "<group>"; };
		60DFF4421BC1548F0078A00F /* UMSocialAccountManager.h */ = {isa = PBXFileReference; fileEncoding = 4; lastKnownFileType = sourcecode.c.h; path = UMSocialAccountManager.h; sourceTree = "<group>"; };
		60DFF4431BC1548F0078A00F /* UMSocialBar.h */ = {isa = PBXFileReference; fileEncoding = 4; lastKnownFileType = sourcecode.c.h; path = UMSocialBar.h; sourceTree = "<group>"; };
		60DFF4441BC1548F0078A00F /* UMSocialConfig.h */ = {isa = PBXFileReference; fileEncoding = 4; lastKnownFileType = sourcecode.c.h; path = UMSocialConfig.h; sourceTree = "<group>"; };
		60DFF4451BC1548F0078A00F /* UMSocialControllerService.h */ = {isa = PBXFileReference; fileEncoding = 4; lastKnownFileType = sourcecode.c.h; path = UMSocialControllerService.h; sourceTree = "<group>"; };
		60DFF4461BC1548F0078A00F /* UMSocialControllerServiceComment.h */ = {isa = PBXFileReference; fileEncoding = 4; lastKnownFileType = sourcecode.c.h; path = UMSocialControllerServiceComment.h; sourceTree = "<group>"; };
		60DFF4471BC1548F0078A00F /* UMSocialData.h */ = {isa = PBXFileReference; fileEncoding = 4; lastKnownFileType = sourcecode.c.h; path = UMSocialData.h; sourceTree = "<group>"; };
		60DFF4481BC1548F0078A00F /* UMSocialDataService.h */ = {isa = PBXFileReference; fileEncoding = 4; lastKnownFileType = sourcecode.c.h; path = UMSocialDataService.h; sourceTree = "<group>"; };
		60DFF4491BC1548F0078A00F /* UMSocialSnsData.h */ = {isa = PBXFileReference; fileEncoding = 4; lastKnownFileType = sourcecode.c.h; path = UMSocialSnsData.h; sourceTree = "<group>"; };
		60DFF44A1BC1548F0078A00F /* UMSocialSnsPlatformManager.h */ = {isa = PBXFileReference; fileEncoding = 4; lastKnownFileType = sourcecode.c.h; path = UMSocialSnsPlatformManager.h; sourceTree = "<group>"; };
		60DFF44B1BC1548F0078A00F /* UMSocialSnsService.h */ = {isa = PBXFileReference; fileEncoding = 4; lastKnownFileType = sourcecode.c.h; path = UMSocialSnsService.h; sourceTree = "<group>"; };
		60DFF44C1BC1548F0078A00F /* libUMSocial_Sdk_4.2.5.a */ = {isa = PBXFileReference; lastKnownFileType = archive.ar; path = libUMSocial_Sdk_4.2.5.a; sourceTree = "<group>"; };
		60DFF44E1BC1548F0078A00F /* UMSCommentDetailController.xib */ = {isa = PBXFileReference; fileEncoding = 4; lastKnownFileType = file.xib; path = UMSCommentDetailController.xib; sourceTree = "<group>"; };
		60DFF44F1BC1548F0078A00F /* UMSCommentInputController.xib */ = {isa = PBXFileReference; fileEncoding = 4; lastKnownFileType = file.xib; path = UMSCommentInputController.xib; sourceTree = "<group>"; };
		60DFF4501BC1548F0078A00F /* UMSCommentInputControlleriPad.xib */ = {isa = PBXFileReference; fileEncoding = 4; lastKnownFileType = file.xib; path = UMSCommentInputControlleriPad.xib; sourceTree = "<group>"; };
		60DFF4511BC1548F0078A00F /* UMShareEditViewController.xib */ = {isa = PBXFileReference; fileEncoding = 4; lastKnownFileType = file.xib; path = UMShareEditViewController.xib; sourceTree = "<group>"; };
		60DFF4521BC1548F0078A00F /* UMShareEditViewControlleriPad.xib */ = {isa = PBXFileReference; fileEncoding = 4; lastKnownFileType = file.xib; path = UMShareEditViewControlleriPad.xib; sourceTree = "<group>"; };
		60DFF4531BC1548F0078A00F /* UMSLoginViewController.xib */ = {isa = PBXFileReference; fileEncoding = 4; lastKnownFileType = file.xib; path = UMSLoginViewController.xib; sourceTree = "<group>"; };
		60DFF4541BC1548F0078A00F /* UMSnsAccountViewController.xib */ = {isa = PBXFileReference; fileEncoding = 4; lastKnownFileType = file.xib; path = UMSnsAccountViewController.xib; sourceTree = "<group>"; };
		60DFF4551BC1548F0078A00F /* UMSShareListController.xib */ = {isa = PBXFileReference; fileEncoding = 4; lastKnownFileType = file.xib; path = UMSShareListController.xib; sourceTree = "<group>"; };
		60DFF4561BC1548F0078A00F /* UMSocialSDKResourcesNew.bundle */ = {isa = PBXFileReference; lastKnownFileType = "wrapper.plug-in"; path = UMSocialSDKResourcesNew.bundle; sourceTree = "<group>"; };
		60DFF4571BC1548F0078A00F /* zh-Hans */ = {isa = PBXFileReference; lastKnownFileType = text.plist.strings; name = "zh-Hans"; path = "zh-Hans.lproj/UMSocialLocalizable.strings"; sourceTree = "<group>"; };
		60DFF4741BC155320078A00F /* Security.framework */ = {isa = PBXFileReference; lastKnownFileType = wrapper.framework; name = Security.framework; path = System/Library/Frameworks/Security.framework; sourceTree = SDKROOT; };
		60DFF4761BC155410078A00F /* libiconv.tbd */ = {isa = PBXFileReference; lastKnownFileType = "sourcecode.text-based-dylib-definition"; name = libiconv.tbd; path = usr/lib/libiconv.tbd; sourceTree = SDKROOT; };
		60DFF4781BC155500078A00F /* SystemConfiguration.framework */ = {isa = PBXFileReference; lastKnownFileType = wrapper.framework; name = SystemConfiguration.framework; path = System/Library/Frameworks/SystemConfiguration.framework; sourceTree = SDKROOT; };
		60DFF47A1BC1555C0078A00F /* CoreGraphics.framework */ = {isa = PBXFileReference; lastKnownFileType = wrapper.framework; name = CoreGraphics.framework; path = System/Library/Frameworks/CoreGraphics.framework; sourceTree = SDKROOT; };
		60DFF47C1BC1556A0078A00F /* libsqlite3.tbd */ = {isa = PBXFileReference; lastKnownFileType = "sourcecode.text-based-dylib-definition"; name = libsqlite3.tbd; path = usr/lib/libsqlite3.tbd; sourceTree = SDKROOT; };
		60DFF47E1BC155780078A00F /* CoreTelephony.framework */ = {isa = PBXFileReference; lastKnownFileType = wrapper.framework; name = CoreTelephony.framework; path = System/Library/Frameworks/CoreTelephony.framework; sourceTree = SDKROOT; };
		60DFF4801BC155870078A00F /* libstdc++.tbd */ = {isa = PBXFileReference; lastKnownFileType = "sourcecode.text-based-dylib-definition"; name = "libstdc++.tbd"; path = "usr/lib/libstdc++.tbd"; sourceTree = SDKROOT; };
		60DFF4821BC155930078A00F /* libz.tbd */ = {isa = PBXFileReference; lastKnownFileType = "sourcecode.text-based-dylib-definition"; name = libz.tbd; path = usr/lib/libz.tbd; sourceTree = SDKROOT; };
		60DFF4841BC155F30078A00F /* PrefixHeader.pch */ = {isa = PBXFileReference; lastKnownFileType = sourcecode.c.h; path = PrefixHeader.pch; sourceTree = "<group>"; };
		60E4C1DA1BC111EB00611E0A /* README */ = {isa = PBXFileReference; fileEncoding = 4; lastKnownFileType = text; path = README; sourceTree = "<group>"; };
		60E4C1DF1BC111EB00611E0A /* README */ = {isa = PBXFileReference; fileEncoding = 4; lastKnownFileType = text; path = README; sourceTree = "<group>"; };
		60E4C1E31BC1127100611E0A /* Localizable.strings */ = {isa = PBXFileReference; fileEncoding = 4; lastKnownFileType = text.plist.strings; path = Localizable.strings; sourceTree = "<group>"; };
/* End PBXFileReference section */

/* Begin PBXFrameworksBuildPhase section */
		6063644B1BC0FD6000A36965 /* Frameworks */ = {
			isa = PBXFrameworksBuildPhase;
			buildActionMask = 2147483647;
			files = (
				60B06E461BC69EC7006AB01E /* libstdc++.6.0.9.tbd in Frameworks */,
				60B06E441BC69EA9006AB01E /* CoreLocation.framework in Frameworks */,
				60B06E401BC69E95006AB01E /* QuartzCore.framework in Frameworks */,
				601C1AF31BC26608007C956A /* libSocialQQ.a in Frameworks */,
				60DFF4831BC155930078A00F /* libz.tbd in Frameworks */,
				60B06E3A1BC69DD0006AB01E /* MAMapKit.framework in Frameworks */,
				60DFF4811BC155870078A00F /* libstdc++.tbd in Frameworks */,
				60DFF47F1BC155780078A00F /* CoreTelephony.framework in Frameworks */,
				601C1AF71BC26608007C956A /* libWeChatSDK.a in Frameworks */,
				60DFF47D1BC1556A0078A00F /* libsqlite3.tbd in Frameworks */,
				60DFF47B1BC1555C0078A00F /* CoreGraphics.framework in Frameworks */,
				60DFF4791BC155500078A00F /* SystemConfiguration.framework in Frameworks */,
				60DFF4771BC155410078A00F /* libiconv.tbd in Frameworks */,
				601C1AF41BC26608007C956A /* TencentOpenAPI.framework in Frameworks */,
				60DFF4751BC155320078A00F /* Security.framework in Frameworks */,
				601C1AF61BC26608007C956A /* libSocialWechat.a in Frameworks */,
				60DFF4591BC1548F0078A00F /* libUMSocial_Sdk_4.2.5.a in Frameworks */,
			);
			runOnlyForDeploymentPostprocessing = 0;
		};
		606364641BC0FD6000A36965 /* Frameworks */ = {
			isa = PBXFrameworksBuildPhase;
			buildActionMask = 2147483647;
			files = (
			);
			runOnlyForDeploymentPostprocessing = 0;
		};
		6063646F1BC0FD6000A36965 /* Frameworks */ = {
			isa = PBXFrameworksBuildPhase;
			buildActionMask = 2147483647;
			files = (
			);
			runOnlyForDeploymentPostprocessing = 0;
		};
/* End PBXFrameworksBuildPhase section */

/* Begin PBXGroup section */
		601C1AE61BC26608007C956A /* FrameWork */ = {
			isa = PBXGroup;
			children = (
				60B06E3E1BC69E78006AB01E /* System */,
				60B06E3B1BC69DD4006AB01E /* AMap */,
				601C1AF81BC26624007C956A /* UM */,
			);
			path = FrameWork;
			sourceTree = "<group>";
		};
		601C1AE71BC26608007C956A /* UMSocial_Sdk_Extra_Frameworks */ = {
			isa = PBXGroup;
			children = (
				601C1AE81BC26608007C956A /* TencentOpenAPI */,
				601C1AED1BC26608007C956A /* Wechat */,
			);
			path = UMSocial_Sdk_Extra_Frameworks;
			sourceTree = "<group>";
		};
		601C1AE81BC26608007C956A /* TencentOpenAPI */ = {
			isa = PBXGroup;
			children = (
				601C1AE91BC26608007C956A /* libSocialQQ.a */,
				601C1AEA1BC26608007C956A /* TencentOpenAPI.framework */,
				601C1AEB1BC26608007C956A /* TencentOpenApi_IOS_Bundle.bundle */,
				601C1AEC1BC26608007C956A /* UMSocialQQHandler.h */,
			);
			path = TencentOpenAPI;
			sourceTree = "<group>";
		};
		601C1AED1BC26608007C956A /* Wechat */ = {
			isa = PBXGroup;
			children = (
				601C1AEE1BC26608007C956A /* libSocialWechat.a */,
				601C1AEF1BC26608007C956A /* libWeChatSDK.a */,
				601C1AF01BC26608007C956A /* UMSocialWechatHandler.h */,
				601C1AF11BC26608007C956A /* WXApi.h */,
				601C1AF21BC26608007C956A /* WXApiObject.h */,
			);
			path = Wechat;
			sourceTree = "<group>";
		};
		601C1AF81BC26624007C956A /* UM */ = {
			isa = PBXGroup;
			children = (
				601C1AE71BC26608007C956A /* UMSocial_Sdk_Extra_Frameworks */,
			);
			name = UM;
			sourceTree = "<group>";
		};
		606364451BC0FD6000A36965 = {
			isa = PBXGroup;
			children = (
				606364501BC0FD6000A36965 /* Seek */,
				6063646A1BC0FD6000A36965 /* SeekTests */,
				606364751BC0FD6000A36965 /* SeekUITests */,
				6063644F1BC0FD6000A36965 /* Products */,
			);
			sourceTree = "<group>";
		};
		6063644F1BC0FD6000A36965 /* Products */ = {
			isa = PBXGroup;
			children = (
				6063644E1BC0FD6000A36965 /* Seek.app */,
				606364671BC0FD6000A36965 /* SeekTests.xctest */,
				606364721BC0FD6000A36965 /* SeekUITests.xctest */,
			);
			name = Products;
			sourceTree = "<group>";
		};
		606364501BC0FD6000A36965 /* Seek */ = {
			isa = PBXGroup;
			children = (
				601C1AE61BC26608007C956A /* FrameWork */,
				606364841BC1011C00A36965 /* Classes */,
				6063645D1BC0FD6000A36965 /* Assets.xcassets */,
				6063645F1BC0FD6000A36965 /* LaunchScreen.storyboard */,
				606364621BC0FD6000A36965 /* Info.plist */,
				606364511BC0FD6000A36965 /* Supporting Files */,
			);
			path = Seek;
			sourceTree = "<group>";
		};
		606364511BC0FD6000A36965 /* Supporting Files */ = {
			isa = PBXGroup;
			children = (
				606364521BC0FD6000A36965 /* main.m */,
			);
			name = "Supporting Files";
			sourceTree = "<group>";
		};
		6063646A1BC0FD6000A36965 /* SeekTests */ = {
			isa = PBXGroup;
			children = (
				6063646B1BC0FD6000A36965 /* SeekTests.m */,
				6063646D1BC0FD6000A36965 /* Info.plist */,
			);
			path = SeekTests;
			sourceTree = "<group>";
		};
		606364751BC0FD6000A36965 /* SeekUITests */ = {
			isa = PBXGroup;
			children = (
				606364761BC0FD6000A36965 /* SeekUITests.m */,
				606364781BC0FD6000A36965 /* Info.plist */,
			);
			path = SeekUITests;
			sourceTree = "<group>";
		};
		606364841BC1011C00A36965 /* Classes */ = {
			isa = PBXGroup;
			children = (
				60DFF43D1BC1548F0078A00F /* UMSocial_Sdk_4.2.5 */,
				606364851BC1011C00A36965 /* AppDelegate */,
				606364881BC1011C00A36965 /* Category */,
				606364891BC1011C00A36965 /* Common */,
				606364951BC1011C00A36965 /* Model */,
				606364A21BC1011C00A36965 /* View */,
				6063648A1BC1011C00A36965 /* Controller */,
				606364A01BC1011C00A36965 /* Resource */,
				606364A11BC1011C00A36965 /* Vendor */,
				60DFF4841BC155F30078A00F /* PrefixHeader.pch */,
			);
			path = Classes;
			sourceTree = "<group>";
		};
		606364851BC1011C00A36965 /* AppDelegate */ = {
			isa = PBXGroup;
			children = (
				606364861BC1011C00A36965 /* AppDelegate.h */,
				606364871BC1011C00A36965 /* AppDelegate.m */,
			);
			path = AppDelegate;
			sourceTree = "<group>";
		};
		606364881BC1011C00A36965 /* Category */ = {
			isa = PBXGroup;
			children = (
			);
			path = Category;
			sourceTree = "<group>";
		};
		606364891BC1011C00A36965 /* Common */ = {
			isa = PBXGroup;
			children = (
			);
			path = Common;
			sourceTree = "<group>";
		};
		6063648A1BC1011C00A36965 /* Controller */ = {
			isa = PBXGroup;
			children = (
				6063648B1BC1011C00A36965 /* Chat */,
				6063648D1BC1011C00A36965 /* Dynamic */,
				6063648F1BC1011C00A36965 /* Issue */,
				606364911BC1011C00A36965 /* Map */,
				606364931BC1011C00A36965 /* Mine */,
			);
			path = Controller;
			sourceTree = "<group>";
		};
		6063648B1BC1011C00A36965 /* Chat */ = {
			isa = PBXGroup;
			children = (
				6063648C1BC1011C00A36965 /* README */,
			);
			path = Chat;
			sourceTree = "<group>";
		};
		6063648D1BC1011C00A36965 /* Dynamic */ = {
			isa = PBXGroup;
			children = (
				6063648E1BC1011C00A36965 /* README */,
			);
			path = Dynamic;
			sourceTree = "<group>";
		};
		6063648F1BC1011C00A36965 /* Issue */ = {
			isa = PBXGroup;
			children = (
				606364901BC1011C00A36965 /* README */,
			);
			path = Issue;
			sourceTree = "<group>";
		};
		606364911BC1011C00A36965 /* Map */ = {
			isa = PBXGroup;
			children = (
				606364921BC1011C00A36965 /* README */,
				60B06E491BC69FCB006AB01E /* MapViewController.h */,
				60B06E4A1BC69FCB006AB01E /* MapViewController.m */,
			);
			path = Map;
			sourceTree = "<group>";
		};
		606364931BC1011C00A36965 /* Mine */ = {
			isa = PBXGroup;
			children = (
				606364941BC1011C00A36965 /* README */,
				60B06E4E1BC6B2C8006AB01E /* LoginViewController.h */,
				60B06E4F1BC6B2C8006AB01E /* LoginViewController.m */,
				60B06E501BC6B2C8006AB01E /* LoginViewController.xib */,
			);
			path = Mine;
			sourceTree = "<group>";
		};
		606364951BC1011C00A36965 /* Model */ = {
			isa = PBXGroup;
			children = (
				606364961BC1011C00A36965 /* Chat */,
				606364981BC1011C00A36965 /* Dynamic */,
				6063649A1BC1011C00A36965 /* Issue */,
				6063649C1BC1011C00A36965 /* Map */,
				6063649E1BC1011C00A36965 /* Mine */,
			);
			path = Model;
			sourceTree = "<group>";
		};
		606364961BC1011C00A36965 /* Chat */ = {
			isa = PBXGroup;
			children = (
				606364971BC1011C00A36965 /* README */,
			);
			path = Chat;
			sourceTree = "<group>";
		};
		606364981BC1011C00A36965 /* Dynamic */ = {
			isa = PBXGroup;
			children = (
				606364991BC1011C00A36965 /* README */,
			);
			path = Dynamic;
			sourceTree = "<group>";
		};
		6063649A1BC1011C00A36965 /* Issue */ = {
			isa = PBXGroup;
			children = (
				6063649B1BC1011C00A36965 /* README */,
			);
			path = Issue;
			sourceTree = "<group>";
		};
		6063649C1BC1011C00A36965 /* Map */ = {
			isa = PBXGroup;
			children = (
				6063649D1BC1011C00A36965 /* README */,
			);
			path = Map;
			sourceTree = "<group>";
		};
		6063649E1BC1011C00A36965 /* Mine */ = {
			isa = PBXGroup;
			children = (
				6063649F1BC1011C00A36965 /* README */,
			);
			path = Mine;
			sourceTree = "<group>";
		};
		606364A01BC1011C00A36965 /* Resource */ = {
			isa = PBXGroup;
			children = (
				60E4C1D91BC111EB00611E0A /* Image */,
				60E4C1DB1BC111EB00611E0A /* Localization */,
				60E4C1DE1BC111EB00611E0A /* Data */,
			);
			path = Resource;
			sourceTree = "<group>";
		};
		606364A11BC1011C00A36965 /* Vendor */ = {
			isa = PBXGroup;
			children = (
			);
			path = Vendor;
			sourceTree = "<group>";
		};
		606364A21BC1011C00A36965 /* View */ = {
			isa = PBXGroup;
			children = (
				606364A31BC1011C00A36965 /* Chat */,
				606364A51BC1011C00A36965 /* Dynamic */,
				606364A71BC1011C00A36965 /* Issue */,
				606364A91BC1011C00A36965 /* Map */,
				606364AB1BC1011C00A36965 /* Mine */,
			);
			path = View;
			sourceTree = "<group>";
		};
		606364A31BC1011C00A36965 /* Chat */ = {
			isa = PBXGroup;
			children = (
				606364A41BC1011C00A36965 /* README */,
			);
			path = Chat;
			sourceTree = "<group>";
		};
		606364A51BC1011C00A36965 /* Dynamic */ = {
			isa = PBXGroup;
			children = (
				606364A61BC1011C00A36965 /* README */,
			);
			path = Dynamic;
			sourceTree = "<group>";
		};
		606364A71BC1011C00A36965 /* Issue */ = {
			isa = PBXGroup;
			children = (
				606364A81BC1011C00A36965 /* README */,
			);
			path = Issue;
			sourceTree = "<group>";
		};
		606364A91BC1011C00A36965 /* Map */ = {
			isa = PBXGroup;
			children = (
				606364AA1BC1011C00A36965 /* README */,
			);
			path = Map;
			sourceTree = "<group>";
		};
		606364AB1BC1011C00A36965 /* Mine */ = {
			isa = PBXGroup;
			children = (
				606364AC1BC1011C00A36965 /* README */,
			);
			path = Mine;
			sourceTree = "<group>";
		};
		60B06E3B1BC69DD4006AB01E /* AMap */ = {
			isa = PBXGroup;
			children = (
				60B06E3C1BC69E58006AB01E /* AMap.bundle */,
				60B06E391BC69DD0006AB01E /* MAMapKit.framework */,
			);
			name = AMap;
			sourceTree = "<group>";
		};
		60B06E3E1BC69E78006AB01E /* System */ = {
			isa = PBXGroup;
			children = (
				60B06E451BC69EC7006AB01E /* libstdc++.6.0.9.tbd */,
				60DFF4821BC155930078A00F /* libz.tbd */,
				60DFF4801BC155870078A00F /* libstdc++.tbd */,
				60DFF47C1BC1556A0078A00F /* libsqlite3.tbd */,
				60DFF4761BC155410078A00F /* libiconv.tbd */,
				60B06E431BC69EA9006AB01E /* CoreLocation.framework */,
				60B06E3F1BC69E95006AB01E /* QuartzCore.framework */,
				60DFF47E1BC155780078A00F /* CoreTelephony.framework */,
				60DFF47A1BC1555C0078A00F /* CoreGraphics.framework */,
				60DFF4781BC155500078A00F /* SystemConfiguration.framework */,
				60DFF4741BC155320078A00F /* Security.framework */,
			);
			name = System;
			sourceTree = "<group>";
		};
		60DFF43D1BC1548F0078A00F /* UMSocial_Sdk_4.2.5 */ = {
			isa = PBXGroup;
			children = (
				60DFF43E1BC1548F0078A00F /* UMSocialLocalizable.strings */,
				60DFF4401BC1548F0078A00F /* Header */,
				60DFF44C1BC1548F0078A00F /* libUMSocial_Sdk_4.2.5.a */,
				60DFF44D1BC1548F0078A00F /* SocialSDKXib */,
				60DFF4561BC1548F0078A00F /* UMSocialSDKResourcesNew.bundle */,
			);
			path = UMSocial_Sdk_4.2.5;
			sourceTree = "<group>";
		};
		60DFF4401BC1548F0078A00F /* Header */ = {
			isa = PBXGroup;
			children = (
				60DFF4411BC1548F0078A00F /* UMSocial.h */,
				60DFF4421BC1548F0078A00F /* UMSocialAccountManager.h */,
				60DFF4431BC1548F0078A00F /* UMSocialBar.h */,
				60DFF4441BC1548F0078A00F /* UMSocialConfig.h */,
				60DFF4451BC1548F0078A00F /* UMSocialControllerService.h */,
				60DFF4461BC1548F0078A00F /* UMSocialControllerServiceComment.h */,
				60DFF4471BC1548F0078A00F /* UMSocialData.h */,
				60DFF4481BC1548F0078A00F /* UMSocialDataService.h */,
				60DFF4491BC1548F0078A00F /* UMSocialSnsData.h */,
				60DFF44A1BC1548F0078A00F /* UMSocialSnsPlatformManager.h */,
				60DFF44B1BC1548F0078A00F /* UMSocialSnsService.h */,
			);
			path = Header;
			sourceTree = "<group>";
		};
		60DFF44D1BC1548F0078A00F /* SocialSDKXib */ = {
			isa = PBXGroup;
			children = (
				60DFF44E1BC1548F0078A00F /* UMSCommentDetailController.xib */,
				60DFF44F1BC1548F0078A00F /* UMSCommentInputController.xib */,
				60DFF4501BC1548F0078A00F /* UMSCommentInputControlleriPad.xib */,
				60DFF4511BC1548F0078A00F /* UMShareEditViewController.xib */,
				60DFF4521BC1548F0078A00F /* UMShareEditViewControlleriPad.xib */,
				60DFF4531BC1548F0078A00F /* UMSLoginViewController.xib */,
				60DFF4541BC1548F0078A00F /* UMSnsAccountViewController.xib */,
				60DFF4551BC1548F0078A00F /* UMSShareListController.xib */,
			);
			path = SocialSDKXib;
			sourceTree = "<group>";
		};
		60E4C1D91BC111EB00611E0A /* Image */ = {
			isa = PBXGroup;
			children = (
				60B06E4C1BC6A4BC006AB01E /* mapPoint.png */,
				60E4C1DA1BC111EB00611E0A /* README */,
			);
			path = Image;
			sourceTree = "<group>";
		};
		60E4C1DB1BC111EB00611E0A /* Localization */ = {
			isa = PBXGroup;
			children = (
				60E4C1E31BC1127100611E0A /* Localizable.strings */,
			);
			path = Localization;
			sourceTree = "<group>";
		};
		60E4C1DE1BC111EB00611E0A /* Data */ = {
			isa = PBXGroup;
			children = (
				60E4C1DF1BC111EB00611E0A /* README */,
			);
			path = Data;
			sourceTree = "<group>";
		};
/* End PBXGroup section */

/* Begin PBXNativeTarget section */
		6063644D1BC0FD6000A36965 /* Seek */ = {
			isa = PBXNativeTarget;
			buildConfigurationList = 6063647B1BC0FD6000A36965 /* Build configuration list for PBXNativeTarget "Seek" */;
			buildPhases = (
				6063644A1BC0FD6000A36965 /* Sources */,
				6063644B1BC0FD6000A36965 /* Frameworks */,
				6063644C1BC0FD6000A36965 /* Resources */,
			);
			buildRules = (
			);
			dependencies = (
			);
			name = Seek;
			productName = Seek;
			productReference = 6063644E1BC0FD6000A36965 /* Seek.app */;
			productType = "com.apple.product-type.application";
		};
		606364661BC0FD6000A36965 /* SeekTests */ = {
			isa = PBXNativeTarget;
			buildConfigurationList = 6063647E1BC0FD6000A36965 /* Build configuration list for PBXNativeTarget "SeekTests" */;
			buildPhases = (
				606364631BC0FD6000A36965 /* Sources */,
				606364641BC0FD6000A36965 /* Frameworks */,
				606364651BC0FD6000A36965 /* Resources */,
			);
			buildRules = (
			);
			dependencies = (
				606364691BC0FD6000A36965 /* PBXTargetDependency */,
			);
			name = SeekTests;
			productName = SeekTests;
			productReference = 606364671BC0FD6000A36965 /* SeekTests.xctest */;
			productType = "com.apple.product-type.bundle.unit-test";
		};
		606364711BC0FD6000A36965 /* SeekUITests */ = {
			isa = PBXNativeTarget;
			buildConfigurationList = 606364811BC0FD6000A36965 /* Build configuration list for PBXNativeTarget "SeekUITests" */;
			buildPhases = (
				6063646E1BC0FD6000A36965 /* Sources */,
				6063646F1BC0FD6000A36965 /* Frameworks */,
				606364701BC0FD6000A36965 /* Resources */,
			);
			buildRules = (
			);
			dependencies = (
				606364741BC0FD6000A36965 /* PBXTargetDependency */,
			);
			name = SeekUITests;
			productName = SeekUITests;
			productReference = 606364721BC0FD6000A36965 /* SeekUITests.xctest */;
			productType = "com.apple.product-type.bundle.ui-testing";
		};
/* End PBXNativeTarget section */

/* Begin PBXProject section */
		606364461BC0FD6000A36965 /* Project object */ = {
			isa = PBXProject;
			attributes = {
				LastUpgradeCheck = 0700;
				ORGANIZATIONNAME = "吴非凡";
				TargetAttributes = {
					6063644D1BC0FD6000A36965 = {
						CreatedOnToolsVersion = 7.0.1;
						DevelopmentTeam = 6LN964PSG9;
					};
					606364661BC0FD6000A36965 = {
						CreatedOnToolsVersion = 7.0.1;
						TestTargetID = 6063644D1BC0FD6000A36965;
					};
					606364711BC0FD6000A36965 = {
						CreatedOnToolsVersion = 7.0.1;
						TestTargetID = 6063644D1BC0FD6000A36965;
					};
				};
			};
			buildConfigurationList = 606364491BC0FD6000A36965 /* Build configuration list for PBXProject "Seek" */;
			compatibilityVersion = "Xcode 3.2";
			developmentRegion = English;
			hasScannedForEncodings = 0;
			knownRegions = (
				en,
				Base,
				"zh-Hans",
			);
			mainGroup = 606364451BC0FD6000A36965;
			productRefGroup = 6063644F1BC0FD6000A36965 /* Products */;
			projectDirPath = "";
			projectRoot = "";
			targets = (
				6063644D1BC0FD6000A36965 /* Seek */,
				606364661BC0FD6000A36965 /* SeekTests */,
				606364711BC0FD6000A36965 /* SeekUITests */,
			);
		};
/* End PBXProject section */

/* Begin PBXResourcesBuildPhase section */
		6063644C1BC0FD6000A36965 /* Resources */ = {
			isa = PBXResourcesBuildPhase;
			buildActionMask = 2147483647;
			files = (
				60B06E4D1BC6A4BC006AB01E /* mapPoint.png in Resources */,
				60E4C1E21BC111EB00611E0A /* README in Resources */,
				60E4C1E01BC111EB00611E0A /* README in Resources */,
				606364BA1BC1011C00A36965 /* README in Resources */,
				606364B81BC1011C00A36965 /* README in Resources */,
				60DFF45E1BC1548F0078A00F /* UMShareEditViewControlleriPad.xib in Resources */,
				60DFF45A1BC1548F0078A00F /* UMSCommentDetailController.xib in Resources */,
				606364B71BC1011C00A36965 /* README in Resources */,
				60B06E521BC6B2C8006AB01E /* LoginViewController.xib in Resources */,
				60E4C1E41BC1127100611E0A /* Localizable.strings in Resources */,
				606364B51BC1011C00A36965 /* README in Resources */,
				606364BB1BC1011C00A36965 /* README in Resources */,
				60DFF45B1BC1548F0078A00F /* UMSCommentInputController.xib in Resources */,
				606364B61BC1011C00A36965 /* README in Resources */,
				606364B41BC1011C00A36965 /* README in Resources */,
				60DFF4601BC1548F0078A00F /* UMSnsAccountViewController.xib in Resources */,
				60DFF45C1BC1548F0078A00F /* UMSCommentInputControlleriPad.xib in Resources */,
				606364B11BC1011C00A36965 /* README in Resources */,
				606364BC1BC1011C00A36965 /* README in Resources */,
				606364B91BC1011C00A36965 /* README in Resources */,
				60B06E3D1BC69E58006AB01E /* AMap.bundle in Resources */,
				606364B01BC1011C00A36965 /* README in Resources */,
				606364AF1BC1011C00A36965 /* README in Resources */,
				606364AE1BC1011C00A36965 /* README in Resources */,
				606364B31BC1011C00A36965 /* README in Resources */,
				60DFF4611BC1548F0078A00F /* UMSShareListController.xib in Resources */,
				606364611BC0FD6000A36965 /* LaunchScreen.storyboard in Resources */,
				60DFF4621BC1548F0078A00F /* UMSocialSDKResourcesNew.bundle in Resources */,
				6063645E1BC0FD6000A36965 /* Assets.xcassets in Resources */,
				60DFF45F1BC1548F0078A00F /* UMSLoginViewController.xib in Resources */,
				606364B21BC1011C00A36965 /* README in Resources */,
				601C1AF51BC26608007C956A /* TencentOpenApi_IOS_Bundle.bundle in Resources */,
				60DFF4581BC1548F0078A00F /* UMSocialLocalizable.strings in Resources */,
				60DFF45D1BC1548F0078A00F /* UMShareEditViewController.xib in Resources */,
			);
			runOnlyForDeploymentPostprocessing = 0;
		};
		606364651BC0FD6000A36965 /* Resources */ = {
			isa = PBXResourcesBuildPhase;
			buildActionMask = 2147483647;
			files = (
			);
			runOnlyForDeploymentPostprocessing = 0;
		};
		606364701BC0FD6000A36965 /* Resources */ = {
			isa = PBXResourcesBuildPhase;
			buildActionMask = 2147483647;
			files = (
			);
			runOnlyForDeploymentPostprocessing = 0;
		};
/* End PBXResourcesBuildPhase section */

/* Begin PBXSourcesBuildPhase section */
		6063644A1BC0FD6000A36965 /* Sources */ = {
			isa = PBXSourcesBuildPhase;
			buildActionMask = 2147483647;
			files = (
				60B06E511BC6B2C8006AB01E /* LoginViewController.m in Sources */,
				60B06E4B1BC69FCB006AB01E /* MapViewController.m in Sources */,
				606364AD1BC1011C00A36965 /* AppDelegate.m in Sources */,
				606364531BC0FD6000A36965 /* main.m in Sources */,
			);
			runOnlyForDeploymentPostprocessing = 0;
		};
		606364631BC0FD6000A36965 /* Sources */ = {
			isa = PBXSourcesBuildPhase;
			buildActionMask = 2147483647;
			files = (
				6063646C1BC0FD6000A36965 /* SeekTests.m in Sources */,
			);
			runOnlyForDeploymentPostprocessing = 0;
		};
		6063646E1BC0FD6000A36965 /* Sources */ = {
			isa = PBXSourcesBuildPhase;
			buildActionMask = 2147483647;
			files = (
				606364771BC0FD6000A36965 /* SeekUITests.m in Sources */,
			);
			runOnlyForDeploymentPostprocessing = 0;
		};
/* End PBXSourcesBuildPhase section */

/* Begin PBXTargetDependency section */
		606364691BC0FD6000A36965 /* PBXTargetDependency */ = {
			isa = PBXTargetDependency;
			target = 6063644D1BC0FD6000A36965 /* Seek */;
			targetProxy = 606364681BC0FD6000A36965 /* PBXContainerItemProxy */;
		};
		606364741BC0FD6000A36965 /* PBXTargetDependency */ = {
			isa = PBXTargetDependency;
			target = 6063644D1BC0FD6000A36965 /* Seek */;
			targetProxy = 606364731BC0FD6000A36965 /* PBXContainerItemProxy */;
		};
/* End PBXTargetDependency section */

/* Begin PBXVariantGroup section */
		6063645F1BC0FD6000A36965 /* LaunchScreen.storyboard */ = {
			isa = PBXVariantGroup;
			children = (
				606364601BC0FD6000A36965 /* Base */,
			);
			name = LaunchScreen.storyboard;
			sourceTree = "<group>";
		};
		60DFF43E1BC1548F0078A00F /* UMSocialLocalizable.strings */ = {
			isa = PBXVariantGroup;
			children = (
				60DFF43F1BC1548F0078A00F /* en */,
				60DFF4571BC1548F0078A00F /* zh-Hans */,
			);
			name = UMSocialLocalizable.strings;
			sourceTree = "<group>";
		};
/* End PBXVariantGroup section */

/* Begin XCBuildConfiguration section */
		606364791BC0FD6000A36965 /* Debug */ = {
			isa = XCBuildConfiguration;
			buildSettings = {
				ALWAYS_SEARCH_USER_PATHS = NO;
				CLANG_CXX_LANGUAGE_STANDARD = "gnu++0x";
				CLANG_CXX_LIBRARY = "libc++";
				CLANG_ENABLE_MODULES = YES;
				CLANG_ENABLE_OBJC_ARC = YES;
				CLANG_WARN_BOOL_CONVERSION = YES;
				CLANG_WARN_CONSTANT_CONVERSION = YES;
				CLANG_WARN_DIRECT_OBJC_ISA_USAGE = YES_ERROR;
				CLANG_WARN_EMPTY_BODY = YES;
				CLANG_WARN_ENUM_CONVERSION = YES;
				CLANG_WARN_INT_CONVERSION = YES;
				CLANG_WARN_OBJC_ROOT_CLASS = YES_ERROR;
				CLANG_WARN_UNREACHABLE_CODE = YES;
				CLANG_WARN__DUPLICATE_METHOD_MATCH = YES;
				"CODE_SIGN_IDENTITY[sdk=iphoneos*]" = "iPhone Developer";
				COPY_PHASE_STRIP = NO;
				DEBUG_INFORMATION_FORMAT = dwarf;
				ENABLE_STRICT_OBJC_MSGSEND = YES;
				ENABLE_TESTABILITY = YES;
				GCC_C_LANGUAGE_STANDARD = gnu99;
				GCC_DYNAMIC_NO_PIC = NO;
				GCC_NO_COMMON_BLOCKS = YES;
				GCC_OPTIMIZATION_LEVEL = 0;
				GCC_PREPROCESSOR_DEFINITIONS = (
					"DEBUG=1",
					"$(inherited)",
				);
				GCC_WARN_64_TO_32_BIT_CONVERSION = YES;
				GCC_WARN_ABOUT_RETURN_TYPE = YES_ERROR;
				GCC_WARN_UNDECLARED_SELECTOR = YES;
				GCC_WARN_UNINITIALIZED_AUTOS = YES_AGGRESSIVE;
				GCC_WARN_UNUSED_FUNCTION = YES;
				GCC_WARN_UNUSED_VARIABLE = YES;
				IPHONEOS_DEPLOYMENT_TARGET = 8.4;
				MTL_ENABLE_DEBUG_INFO = YES;
				ONLY_ACTIVE_ARCH = YES;
				SDKROOT = iphoneos;
				TARGETED_DEVICE_FAMILY = "1,2";
			};
			name = Debug;
		};
		6063647A1BC0FD6000A36965 /* Release */ = {
			isa = XCBuildConfiguration;
			buildSettings = {
				ALWAYS_SEARCH_USER_PATHS = NO;
				CLANG_CXX_LANGUAGE_STANDARD = "gnu++0x";
				CLANG_CXX_LIBRARY = "libc++";
				CLANG_ENABLE_MODULES = YES;
				CLANG_ENABLE_OBJC_ARC = YES;
				CLANG_WARN_BOOL_CONVERSION = YES;
				CLANG_WARN_CONSTANT_CONVERSION = YES;
				CLANG_WARN_DIRECT_OBJC_ISA_USAGE = YES_ERROR;
				CLANG_WARN_EMPTY_BODY = YES;
				CLANG_WARN_ENUM_CONVERSION = YES;
				CLANG_WARN_INT_CONVERSION = YES;
				CLANG_WARN_OBJC_ROOT_CLASS = YES_ERROR;
				CLANG_WARN_UNREACHABLE_CODE = YES;
				CLANG_WARN__DUPLICATE_METHOD_MATCH = YES;
				"CODE_SIGN_IDENTITY[sdk=iphoneos*]" = "iPhone Developer";
				COPY_PHASE_STRIP = NO;
				DEBUG_INFORMATION_FORMAT = "dwarf-with-dsym";
				ENABLE_NS_ASSERTIONS = NO;
				ENABLE_STRICT_OBJC_MSGSEND = YES;
				GCC_C_LANGUAGE_STANDARD = gnu99;
				GCC_NO_COMMON_BLOCKS = YES;
				GCC_WARN_64_TO_32_BIT_CONVERSION = YES;
				GCC_WARN_ABOUT_RETURN_TYPE = YES_ERROR;
				GCC_WARN_UNDECLARED_SELECTOR = YES;
				GCC_WARN_UNINITIALIZED_AUTOS = YES_AGGRESSIVE;
				GCC_WARN_UNUSED_FUNCTION = YES;
				GCC_WARN_UNUSED_VARIABLE = YES;
				IPHONEOS_DEPLOYMENT_TARGET = 8.4;
				MTL_ENABLE_DEBUG_INFO = NO;
				SDKROOT = iphoneos;
				TARGETED_DEVICE_FAMILY = "1,2";
				VALIDATE_PRODUCT = YES;
			};
			name = Release;
		};
		6063647C1BC0FD6000A36965 /* Debug */ = {
			isa = XCBuildConfiguration;
			buildSettings = {
				ASSETCATALOG_COMPILER_APPICON_NAME = AppIcon;
				CODE_SIGN_IDENTITY = "iPhone Developer";
				ENABLE_BITCODE = NO;
				FRAMEWORK_SEARCH_PATHS = (
					"$(inherited)",
					"$(PROJECT_DIR)/Seek/Classes/umeng_ios_social_sdk_4.2.5_arm64_custom/UMSocial_Sdk_Extra_Frameworks/TencentOpenAPI",
					"$(PROJECT_DIR)/Seek/Classes/UMSocial_Sdk_Extra_Frameworks/TencentOpenAPI",
					"$(PROJECT_DIR)/Seek/Classes/FrameWork/UMSocial_Sdk_Extra_Frameworks/TencentOpenAPI",
					"$(PROJECT_DIR)/Seek/FrameWork/UMSocial_Sdk_Extra_Frameworks/TencentOpenAPI",
					"$(PROJECT_DIR)/Seek/FrameWork",
				);
				GCC_PREFIX_HEADER = Seek/Classes/PrefixHeader.pch;
				INFOPLIST_FILE = Seek/Info.plist;
				IPHONEOS_DEPLOYMENT_TARGET = 8.0;
				LD_RUNPATH_SEARCH_PATHS = "$(inherited) @executable_path/Frameworks";
				LIBRARY_SEARCH_PATHS = (
					"$(inherited)",
					"$(PROJECT_DIR)/Seek/Classes/umeng_ios_social_sdk_4.2.5_arm64_custom/UMSocial_Sdk_4.2.5",
					"$(PROJECT_DIR)/Seek/Classes/umeng_ios_social_sdk_4.2.5_arm64_custom/UMSocial_Sdk_Extra_Frameworks/TencentOpenAPI",
					"$(PROJECT_DIR)/Seek/Classes/umeng_ios_social_sdk_4.2.5_arm64_custom/UMSocial_Sdk_Extra_Frameworks/Wechat",
					"$(PROJECT_DIR)/Seek/Classes/UMSocial_Sdk_4.2.5",
					"$(PROJECT_DIR)/Seek/Classes/UMSocial_Sdk_Extra_Frameworks/TencentOpenAPI",
					"$(PROJECT_DIR)/Seek/Classes/UMSocial_Sdk_Extra_Frameworks/Wechat",
					"$(PROJECT_DIR)/Seek/Classes/FrameWork/UMSocial_Sdk_Extra_Frameworks/TencentOpenAPI",
					"$(PROJECT_DIR)/Seek/Classes/FrameWork/UMSocial_Sdk_Extra_Frameworks/Wechat",
					"$(PROJECT_DIR)/Seek/FrameWork/UMSocial_Sdk_Extra_Frameworks/TencentOpenAPI",
					"$(PROJECT_DIR)/Seek/FrameWork/UMSocial_Sdk_Extra_Frameworks/Wechat",
				);
				OTHER_LDFLAGS = "-ObjC";
				PRODUCT_BUNDLE_IDENTIFIER = Seek;
				PRODUCT_NAME = "$(TARGET_NAME)";
			};
			name = Debug;
		};
		6063647D1BC0FD6000A36965 /* Release */ = {
			isa = XCBuildConfiguration;
			buildSettings = {
				ASSETCATALOG_COMPILER_APPICON_NAME = AppIcon;
				CODE_SIGN_IDENTITY = "iPhone Developer";
				ENABLE_BITCODE = NO;
				FRAMEWORK_SEARCH_PATHS = (
					"$(inherited)",
					"$(PROJECT_DIR)/Seek/Classes/umeng_ios_social_sdk_4.2.5_arm64_custom/UMSocial_Sdk_Extra_Frameworks/TencentOpenAPI",
					"$(PROJECT_DIR)/Seek/Classes/UMSocial_Sdk_Extra_Frameworks/TencentOpenAPI",
					"$(PROJECT_DIR)/Seek/Classes/FrameWork/UMSocial_Sdk_Extra_Frameworks/TencentOpenAPI",
					"$(PROJECT_DIR)/Seek/FrameWork/UMSocial_Sdk_Extra_Frameworks/TencentOpenAPI",
					"$(PROJECT_DIR)/Seek/FrameWork",
				);
				GCC_PREFIX_HEADER = Seek/Classes/PrefixHeader.pch;
				INFOPLIST_FILE = Seek/Info.plist;
				IPHONEOS_DEPLOYMENT_TARGET = 8.0;
				LD_RUNPATH_SEARCH_PATHS = "$(inherited) @executable_path/Frameworks";
				LIBRARY_SEARCH_PATHS = (
					"$(inherited)",
					"$(PROJECT_DIR)/Seek/Classes/umeng_ios_social_sdk_4.2.5_arm64_custom/UMSocial_Sdk_4.2.5",
					"$(PROJECT_DIR)/Seek/Classes/umeng_ios_social_sdk_4.2.5_arm64_custom/UMSocial_Sdk_Extra_Frameworks/TencentOpenAPI",
					"$(PROJECT_DIR)/Seek/Classes/umeng_ios_social_sdk_4.2.5_arm64_custom/UMSocial_Sdk_Extra_Frameworks/Wechat",
					"$(PROJECT_DIR)/Seek/Classes/UMSocial_Sdk_4.2.5",
					"$(PROJECT_DIR)/Seek/Classes/UMSocial_Sdk_Extra_Frameworks/TencentOpenAPI",
					"$(PROJECT_DIR)/Seek/Classes/UMSocial_Sdk_Extra_Frameworks/Wechat",
					"$(PROJECT_DIR)/Seek/Classes/FrameWork/UMSocial_Sdk_Extra_Frameworks/TencentOpenAPI",
					"$(PROJECT_DIR)/Seek/Classes/FrameWork/UMSocial_Sdk_Extra_Frameworks/Wechat",
					"$(PROJECT_DIR)/Seek/FrameWork/UMSocial_Sdk_Extra_Frameworks/TencentOpenAPI",
					"$(PROJECT_DIR)/Seek/FrameWork/UMSocial_Sdk_Extra_Frameworks/Wechat",
				);
				OTHER_LDFLAGS = "-ObjC";
				PRODUCT_BUNDLE_IDENTIFIER = Seek;
				PRODUCT_NAME = "$(TARGET_NAME)";
			};
			name = Release;
		};
		6063647F1BC0FD6000A36965 /* Debug */ = {
			isa = XCBuildConfiguration;
			buildSettings = {
				BUNDLE_LOADER = "$(TEST_HOST)";
				INFOPLIST_FILE = SeekTests/Info.plist;
				LD_RUNPATH_SEARCH_PATHS = "$(inherited) @executable_path/Frameworks @loader_path/Frameworks";
				PRODUCT_BUNDLE_IDENTIFIER = "SB2--.SeekTests";
				PRODUCT_NAME = "$(TARGET_NAME)";
				TEST_HOST = "$(BUILT_PRODUCTS_DIR)/Seek.app/Seek";
			};
			name = Debug;
		};
		606364801BC0FD6000A36965 /* Release */ = {
			isa = XCBuildConfiguration;
			buildSettings = {
				BUNDLE_LOADER = "$(TEST_HOST)";
				INFOPLIST_FILE = SeekTests/Info.plist;
				LD_RUNPATH_SEARCH_PATHS = "$(inherited) @executable_path/Frameworks @loader_path/Frameworks";
				PRODUCT_BUNDLE_IDENTIFIER = "SB2--.SeekTests";
				PRODUCT_NAME = "$(TARGET_NAME)";
				TEST_HOST = "$(BUILT_PRODUCTS_DIR)/Seek.app/Seek";
			};
			name = Release;
		};
		606364821BC0FD6000A36965 /* Debug */ = {
			isa = XCBuildConfiguration;
			buildSettings = {
				INFOPLIST_FILE = SeekUITests/Info.plist;
				LD_RUNPATH_SEARCH_PATHS = "$(inherited) @executable_path/Frameworks @loader_path/Frameworks";
				PRODUCT_BUNDLE_IDENTIFIER = "SB2--.SeekUITests";
				PRODUCT_NAME = "$(TARGET_NAME)";
				TEST_TARGET_NAME = Seek;
				USES_XCTRUNNER = YES;
			};
			name = Debug;
		};
		606364831BC0FD6000A36965 /* Release */ = {
			isa = XCBuildConfiguration;
			buildSettings = {
				INFOPLIST_FILE = SeekUITests/Info.plist;
				LD_RUNPATH_SEARCH_PATHS = "$(inherited) @executable_path/Frameworks @loader_path/Frameworks";
				PRODUCT_BUNDLE_IDENTIFIER = "SB2--.SeekUITests";
				PRODUCT_NAME = "$(TARGET_NAME)";
				TEST_TARGET_NAME = Seek;
				USES_XCTRUNNER = YES;
			};
			name = Release;
		};
/* End XCBuildConfiguration section */

/* Begin XCConfigurationList section */
		606364491BC0FD6000A36965 /* Build configuration list for PBXProject "Seek" */ = {
			isa = XCConfigurationList;
			buildConfigurations = (
				606364791BC0FD6000A36965 /* Debug */,
				6063647A1BC0FD6000A36965 /* Release */,
			);
			defaultConfigurationIsVisible = 0;
			defaultConfigurationName = Release;
		};
		6063647B1BC0FD6000A36965 /* Build configuration list for PBXNativeTarget "Seek" */ = {
			isa = XCConfigurationList;
			buildConfigurations = (
				6063647C1BC0FD6000A36965 /* Debug */,
				6063647D1BC0FD6000A36965 /* Release */,
			);
			defaultConfigurationIsVisible = 0;
			defaultConfigurationName = Release;
		};
		6063647E1BC0FD6000A36965 /* Build configuration list for PBXNativeTarget "SeekTests" */ = {
			isa = XCConfigurationList;
			buildConfigurations = (
				6063647F1BC0FD6000A36965 /* Debug */,
				606364801BC0FD6000A36965 /* Release */,
			);
			defaultConfigurationIsVisible = 0;
			defaultConfigurationName = Release;
		};
		606364811BC0FD6000A36965 /* Build configuration list for PBXNativeTarget "SeekUITests" */ = {
			isa = XCConfigurationList;
			buildConfigurations = (
				606364821BC0FD6000A36965 /* Debug */,
				606364831BC0FD6000A36965 /* Release */,
			);
			defaultConfigurationIsVisible = 0;
			defaultConfigurationName = Release;
		};
/* End XCConfigurationList section */
	};
	rootObject = 606364461BC0FD6000A36965 /* Project object */;
}
